
Microsoft Visual Studio Solution File, Format Version 12.00
# Visual Studio 2017
Project("{FAE04EC0-301F-11D3-BF4B-00C04F79EFBC}") = "CM.Backend.Identity.AuthorizationServer", "CM.Backend.Identity.AuthorizationServer.csproj", "{956557B7-6E1D-4693-A9A6-65B6155367FB}"
EndProject
Global
	GlobalSection(SolutionConfigurationPlatforms) = preSolution
		Debug|Any CPU = Debug|Any CPU
		Release|Any CPU = Release|Any CPU
	EndGlobalSection
	GlobalSection(ProjectConfigurationPlatforms) = postSolution
		{956557B7-6E1D-4693-A9A6-65B6155367FB}.Debug|Any CPU.ActiveCfg = Debug|Any CPU
		{956557B7-6E1D-4693-A9A6-65B6155367FB}.Debug|Any CPU.Build.0 = Debug|Any CPU
		{956557B7-6E1D-4693-A9A6-65B6155367FB}.Release|Any CPU.ActiveCfg = Release|Any CPU
		{956557B7-6E1D-4693-A9A6-65B6155367FB}.Release|Any CPU.Build.0 = Release|Any CPU
	EndGlobalSection
EndGlobal
